
Microsoft Visual Studio Solution File, Format Version 12.00
# Visual Studio Version 16
VisualStudioVersion = 16.0.31624.102
MinimumVisualStudioVersion = 10.0.40219.1
Project("{FAE04EC0-301F-11D3-BF4B-00C04F79EFBC}") = "Disney.Api", "Disney.Api\Disney.Api.csproj", "{C708D6D7-A29C-4215-ABA3-8513EE8A172B}"
EndProject
Project("{FAE04EC0-301F-11D3-BF4B-00C04F79EFBC}") = "Disney.Core", "Disney.Core\Disney.Core.csproj", "{5B4114BD-EE40-4641-B1FE-0284E49A2FD7}"
EndProject
Project("{FAE04EC0-301F-11D3-BF4B-00C04F79EFBC}") = "Disney.Infrastructure", "Disney.Infrastructure\Disney.Infrastructure.csproj", "{4F35CC81-85E3-4D7E-832F-B0A4F40494B5}"
EndProject
Global
	GlobalSection(SolutionConfigurationPlatforms) = preSolution
		Debug|Any CPU = Debug|Any CPU
		Release|Any CPU = Release|Any CPU
	EndGlobalSection
	GlobalSection(ProjectConfigurationPlatforms) = postSolution
		{C708D6D7-A29C-4215-ABA3-8513EE8A172B}.Debug|Any CPU.ActiveCfg = Debug|Any CPU
		{C708D6D7-A29C-4215-ABA3-8513EE8A172B}.Debug|Any CPU.Build.0 = Debug|Any CPU
		{C708D6D7-A29C-4215-ABA3-8513EE8A172B}.Release|Any CPU.ActiveCfg = Release|Any CPU
		{C708D6D7-A29C-4215-ABA3-8513EE8A172B}.Release|Any CPU.Build.0 = Release|Any CPU
		{5B4114BD-EE40-4641-B1FE-0284E49A2FD7}.Debug|Any CPU.ActiveCfg = Debug|Any CPU
		{5B4114BD-EE40-4641-B1FE-0284E49A2FD7}.Debug|Any CPU.Build.0 = Debug|Any CPU
		{5B4114BD-EE40-4641-B1FE-0284E49A2FD7}.Release|Any CPU.ActiveCfg = Release|Any CPU
		{5B4114BD-EE40-4641-B1FE-0284E49A2FD7}.Release|Any CPU.Build.0 = Release|Any CPU
		{4F35CC81-85E3-4D7E-832F-B0A4F40494B5}.Debug|Any CPU.ActiveCfg = Debug|Any CPU
		{4F35CC81-85E3-4D7E-832F-B0A4F40494B5}.Debug|Any CPU.Build.0 = Debug|Any CPU
		{4F35CC81-85E3-4D7E-832F-B0A4F40494B5}.Release|Any CPU.ActiveCfg = Release|Any CPU
		{4F35CC81-85E3-4D7E-832F-B0A4F40494B5}.Release|Any CPU.Build.0 = Release|Any CPU
	EndGlobalSection
	GlobalSection(SolutionProperties) = preSolution
		HideSolutionNode = FALSE
	EndGlobalSection
	GlobalSection(ExtensibilityGlobals) = postSolution
		SolutionGuid = {A42B7CE4-E368-4FEF-8FF0-4811857FB7D0}
	EndGlobalSection
EndGlobal
